{
  "object": {
    "pins": [
      {
        "package": "swift-crypto",
        "repositoryURL": "https://github.com/apple/swift-crypto.git",
        "state": {
          "branch": null,
          "revision": "9be4a93a76d4b80105044747b35d456de7289c87",
          "version": "1.0.0"
        }
      }
    ]
  },
  "version": 1
}
